Microsoft Visual Studio Solution File, Format Version 12.00
# Visual Studio Version 17
VisualStudioVersion = 17.5.2.0
MinimumVisualStudioVersion = 10.0.40219.1
Project("{2150E333-8FDC-42A3-9474-1A3956D46DE8}") = "samples", "samples", "{5D20AA90-6969-D8BD-9DCD-8634F4692FDA}"
EndProject
Project("{2150E333-8FDC-42A3-9474-1A3956D46DE8}") = "SmokeTest", "SmokeTest", "{4253D37A-8534-982C-EFA3-8A6F2A3DD6F7}"
EndProject
Project("{FAE04EC0-301F-11D3-BF4B-00C04F79EFBC}") = "AromaShooterWindowsSDK.SmokeTest", "samples\SmokeTest\AromaShooterWindowsSDK.SmokeTest.csproj", "{A0D8FCA3-AFD2-E628-E57D-6231416BBFBB}"
EndProject
Global
	GlobalSection(SolutionConfigurationPlatforms) = preSolution
		Debug|Any CPU = Debug|Any CPU
		Release|Any CPU = Release|Any CPU
	EndGlobalSection
	GlobalSection(ProjectConfigurationPlatforms) = postSolution
		{A0D8FCA3-AFD2-E628-E57D-6231416BBFBB}.Debug|Any CPU.ActiveCfg = Debug|Any CPU
		{A0D8FCA3-AFD2-E628-E57D-6231416BBFBB}.Debug|Any CPU.Build.0 = Debug|Any CPU
		{A0D8FCA3-AFD2-E628-E57D-6231416BBFBB}.Release|Any CPU.ActiveCfg = Release|Any CPU
		{A0D8FCA3-AFD2-E628-E57D-6231416BBFBB}.Release|Any CPU.Build.0 = Release|Any CPU
	EndGlobalSection
	GlobalSection(SolutionProperties) = preSolution
		HideSolutionNode = FALSE
	EndGlobalSection
	GlobalSection(NestedProjects) = preSolution
		{4253D37A-8534-982C-EFA3-8A6F2A3DD6F7} = {5D20AA90-6969-D8BD-9DCD-8634F4692FDA}
		{A0D8FCA3-AFD2-E628-E57D-6231416BBFBB} = {4253D37A-8534-982C-EFA3-8A6F2A3DD6F7}
	EndGlobalSection
	GlobalSection(ExtensibilityGlobals) = postSolution
		SolutionGuid = {E0A89F5B-5CCD-41AA-B3BC-4B12777FB473}
	EndGlobalSection
EndGlobal
